
Microsoft Visual Studio Solution File, Format Version 12.00
# Visual Studio 15
VisualStudioVersion = 15.0.28010.2026
MinimumVisualStudioVersion = 10.0.40219.1
Project("{9A19103F-16F7-4668-BE54-9A1E7A4F7556}") = "TeachMeNET", "TeachMeNET\TeachMeNET.csproj", "{A521D225-9913-4517-B93D-34E78780DA53}"
EndProject
Global
	GlobalSection(SolutionConfigurationPlatforms) = preSolution
		Debug|Any CPU = Debug|Any CPU
		Release|Any CPU = Release|Any CPU
	EndGlobalSection
	GlobalSection(ProjectConfigurationPlatforms) = postSolution
		{A521D225-9913-4517-B93D-34E78780DA53}.Debug|Any CPU.ActiveCfg = Debug|Any CPU
		{A521D225-9913-4517-B93D-34E78780DA53}.Debug|Any CPU.Build.0 = Debug|Any CPU
		{A521D225-9913-4517-B93D-34E78780DA53}.Release|Any CPU.ActiveCfg = Release|Any CPU
		{A521D225-9913-4517-B93D-34E78780DA53}.Release|Any CPU.Build.0 = Release|Any CPU
	EndGlobalSection
	GlobalSection(SolutionProperties) = preSolution
		HideSolutionNode = FALSE
	EndGlobalSection
	GlobalSection(ExtensibilityGlobals) = postSolution
		SolutionGuid = {7D7CE6D6-786D-4E3C-8765-9F06C6AA678E}
	EndGlobalSection
EndGlobal
